// !$*UTF8*$!
{
	archiveVersion = 1;
	classes = {
	};
	objectVersion = 46;
	objects = {

/* Begin PBXBuildFile section */
		49129C261984E2D000E2F5AC /* ITPathbar.m in Sources */ = {isa = PBXBuildFile; fileRef = 49129C211984E2D000E2F5AC /* ITPathbar.m */; };
		49129C271984E2D000E2F5AC /* ITPathbarCell.m in Sources */ = {isa = PBXBuildFile; fileRef = 49129C231984E2D000E2F5AC /* ITPathbarCell.m */; };
		49129C281984E2D000E2F5AC /* ITPathbarComponentCell.m in Sources */ = {isa = PBXBuildFile; fileRef = 49129C251984E2D000E2F5AC /* ITPathbarComponentCell.m */; };
		49129C641984E7FE00E2F5AC /* ITPathbar-edge.png in Resources */ = {isa = PBXBuildFile; fileRef = 49129C471984E7FE00E2F5AC /* ITPathbar-edge.png */; };
		49129C651984E7FE00E2F5AC /* ITPathbar-edge@2x.png in Resources */ = {isa = PBXBuildFile; fileRef = 49129C481984E7FE00E2F5AC /* ITPathbar-edge@2x.png */; };
		49129C661984E7FE00E2F5AC /* ITPathbar-fill.png in Resources */ = {isa = PBXBuildFile; fileRef = 49129C491984E7FE00E2F5AC /* ITPathbar-fill.png */; };
		49129C671984E7FE00E2F5AC /* ITPathbar-fill@2x.png in Resources */ = {isa = PBXBuildFile; fileRef = 49129C4A1984E7FE00E2F5AC /* ITPathbar-fill@2x.png */; };
		49129C681984E7FE00E2F5AC /* ITPathbar-highlight-arrow-left.png in Resources */ = {isa = PBXBuildFile; fileRef = 49129C4B1984E7FE00E2F5AC /* ITPathbar-highlight-arrow-left.png */; };
		49129C691984E7FE00E2F5AC /* ITPathbar-highlight-arrow-left@2x.png in Resources */ = {isa = PBXBuildFile; fileRef = 49129C4C1984E7FE00E2F5AC /* ITPathbar-highlight-arrow-left@2x.png */; };
		49129C6A1984E7FE00E2F5AC /* ITPathbar-highlight-arrow-right.png in Resources */ = {isa = PBXBuildFile; fileRef = 49129C4D1984E7FE00E2F5AC /* ITPathbar-highlight-arrow-right.png */; };
		49129C6B1984E7FE00E2F5AC /* ITPathbar-highlight-arrow-right@2x.png in Resources */ = {isa = PBXBuildFile; fileRef = 49129C4E1984E7FE00E2F5AC /* ITPathbar-highlight-arrow-right@2x.png */; };
		49129C6C1984E7FE00E2F5AC /* ITPathbar-highlight-edge.png in Resources */ = {isa = PBXBuildFile; fileRef = 49129C4F1984E7FE00E2F5AC /* ITPathbar-highlight-edge.png */; };
		49129C6D1984E7FE00E2F5AC /* ITPathbar-highlight-edge@2x.png in Resources */ = {isa = PBXBuildFile; fileRef = 49129C501984E7FE00E2F5AC /* ITPathbar-highlight-edge@2x.png */; };
		49129C6E1984E7FE00E2F5AC /* ITPathbar-highlight.png in Resources */ = {isa = PBXBuildFile; fileRef = 49129C511984E7FE00E2F5AC /* ITPathbar-highlight.png */; };
		49129C6F1984E7FE00E2F5AC /* ITPathbar-highlight@2x.png in Resources */ = {isa = PBXBuildFile; fileRef = 49129C521984E7FE00E2F5AC /* ITPathbar-highlight@2x.png */; };
		49129C701984E7FE00E2F5AC /* ITPathbar-separator.png in Resources */ = {isa = PBXBuildFile; fileRef = 49129C531984E7FE00E2F5AC /* ITPathbar-separator.png */; };
		49129C711984E7FE00E2F5AC /* ITPathbar-separator@2x.png in Resources */ = {isa = PBXBuildFile; fileRef = 49129C541984E7FE00E2F5AC /* ITPathbar-separator@2x.png */; };
		49129C8E1984E87000E2F5AC /* Light-edge.png in Resources */ = {isa = PBXBuildFile; fileRef = 49129C801984E87000E2F5AC /* Light-edge.png */; };
		49129C8F1984E87000E2F5AC /* Light-edge@2x.png in Resources */ = {isa = PBXBuildFile; fileRef = 49129C811984E87000E2F5AC /* Light-edge@2x.png */; };
		49129C901984E87000E2F5AC /* Light-fill.png in Resources */ = {isa = PBXBuildFile; fileRef = 49129C821984E87000E2F5AC /* Light-fill.png */; };
		49129C911984E87000E2F5AC /* Light-fill@2x.png in Resources */ = {isa = PBXBuildFile; fileRef = 49129C831984E87000E2F5AC /* Light-fill@2x.png */; };
		49129C921984E87000E2F5AC /* Light-highlight-arrow-left.png in Resources */ = {isa = PBXBuildFile; fileRef = 49129C841984E87000E2F5AC /* Light-highlight-arrow-left.png */; };
		49129C931984E87000E2F5AC /* Light-highlight-arrow-left@2x.png in Resources */ = {isa = PBXBuildFile; fileRef = 49129C851984E87000E2F5AC /* Light-highlight-arrow-left@2x.png */; };
		49129C941984E87000E2F5AC /* Light-highlight-arrow-right.png in Resources */ = {isa = PBXBuildFile; fileRef = 49129C861984E87000E2F5AC /* Light-highlight-arrow-right.png */; };
		49129C951984E87000E2F5AC /* Light-highlight-arrow-right@2x.png in Resources */ = {isa = PBXBuildFile; fileRef = 49129C871984E87000E2F5AC /* Light-highlight-arrow-right@2x.png */; };
		49129C961984E87000E2F5AC /* Light-highlight-edge.png in Resources */ = {isa = PBXBuildFile; fileRef = 49129C881984E87000E2F5AC /* Light-highlight-edge.png */; };
		49129C971984E87000E2F5AC /* Light-highlight-edge@2x.png in Resources */ = {isa = PBXBuildFile; fileRef = 49129C891984E87000E2F5AC /* Light-highlight-edge@2x.png */; };
		49129C981984E87000E2F5AC /* Light-highlight.png in Resources */ = {isa = PBXBuildFile; fileRef = 49129C8A1984E87000E2F5AC /* Light-highlight.png */; };
		49129C991984E87000E2F5AC /* Light-highlight@2x.png in Resources */ = {isa = PBXBuildFile; fileRef = 49129C8B1984E87000E2F5AC /* Light-highlight@2x.png */; };
		49129C9A1984E87000E2F5AC /* Light-separator.png in Resources */ = {isa = PBXBuildFile; fileRef = 49129C8C1984E87000E2F5AC /* Light-separator.png */; };
		49129C9B1984E87000E2F5AC /* Light-separator@2x.png in Resources */ = {isa = PBXBuildFile; fileRef = 49129C8D1984E87000E2F5AC /* Light-separator@2x.png */; };
		91A2504F1656A0C40006BBCF /* Cocoa.framework in Frameworks */ = {isa = PBXBuildFile; fileRef = 91A2504E1656A0C40006BBCF /* Cocoa.framework */; };
		91A250591656A0C40006BBCF /* InfoPlist.strings in Resources */ = {isa = PBXBuildFile; fileRef = 91A250571656A0C40006BBCF /* InfoPlist.strings */; };
		91A2505B1656A0C40006BBCF /* main.m in Sources */ = {isa = PBXBuildFile; fileRef = 91A2505A1656A0C40006BBCF /* main.m */; };
		91A2505F1656A0C40006BBCF /* Credits.rtf in Resources */ = {isa = PBXBuildFile; fileRef = 91A2505D1656A0C40006BBCF /* Credits.rtf */; };
		91A250621656A0C40006BBCF /* ITAppDelegate.m in Sources */ = {isa = PBXBuildFile; fileRef = 91A250611656A0C40006BBCF /* ITAppDelegate.m */; };
		91A250651656A0C40006BBCF /* MainMenu.xib in Resources */ = {isa = PBXBuildFile; fileRef = 91A250631656A0C40006BBCF /* MainMenu.xib */; };
/* End PBXBuildFile section */

/* Begin PBXFileReference section */
		49129C201984E2D000E2F5AC /* ITPathbar.h */ = {isa = PBXFileReference; fileEncoding = 4; lastKnownFileType = sourcecode.c.h; name = ITPathbar.h; path = Component/ITPathbar.h; sourceTree = SOURCE_ROOT; };
		49129C211984E2D000E2F5AC /* ITPathbar.m */ = {isa = PBXFileReference; fileEncoding = 4; lastKnownFileType = sourcecode.c.objc; name = ITPathbar.m; path = Component/ITPathbar.m; sourceTree = SOURCE_ROOT; };
		49129C221984E2D000E2F5AC /* ITPathbarCell.h */ = {isa = PBXFileReference; fileEncoding = 4; lastKnownFileType = sourcecode.c.h; name = ITPathbarCell.h; path = Component/ITPathbarCell.h; sourceTree = SOURCE_ROOT; };
		49129C231984E2D000E2F5AC /* ITPathbarCell.m */ = {isa = PBXFileReference; fileEncoding = 4; lastKnownFileType = sourcecode.c.objc; name = ITPathbarCell.m; path = Component/ITPathbarCell.m; sourceTree = SOURCE_ROOT; };
		49129C241984E2D000E2F5AC /* ITPathbarComponentCell.h */ = {isa = PBXFileReference; fileEncoding = 4; lastKnownFileType = sourcecode.c.h; name = ITPathbarComponentCell.h; path = Component/ITPathbarComponentCell.h; sourceTree = SOURCE_ROOT; };
		49129C251984E2D000E2F5AC /* ITPathbarComponentCell.m */ = {isa = PBXFileReference; fileEncoding = 4; lastKnownFileType = sourcecode.c.objc; name = ITPathbarComponentCell.m; path = Component/ITPathbarComponentCell.m; sourceTree = SOURCE_ROOT; };
		49129C471984E7FE00E2F5AC /* ITPathbar-edge.png */ = {isa = PBXFileReference; lastKnownFileType = image.png; path = "ITPathbar-edge.png"; sourceTree = "<group>"; };
		49129C481984E7FE00E2F5AC /* ITPathbar-edge@2x.png */ = {isa = PBXFileReference; lastKnownFileType = image.png; path = "ITPathbar-edge@2x.png"; sourceTree = "<group>"; };
		49129C491984E7FE00E2F5AC /* ITPathbar-fill.png */ = {isa = PBXFileReference; lastKnownFileType = image.png; path = "ITPathbar-fill.png"; sourceTree = "<group>"; };
		49129C4A1984E7FE00E2F5AC /* ITPathbar-fill@2x.png */ = {isa = PBXFileReference; lastKnownFileType = image.png; path = "ITPathbar-fill@2x.png"; sourceTree = "<group>"; };
		49129C4B1984E7FE00E2F5AC /* ITPathbar-highlight-arrow-left.png */ = {isa = PBXFileReference; lastKnownFileType = image.png; path = "ITPathbar-highlight-arrow-left.png"; sourceTree = "<group>"; };
		49129C4C1984E7FE00E2F5AC /* ITPathbar-highlight-arrow-left@2x.png */ = {isa = PBXFileReference; lastKnownFileType = image.png; path = "ITPathbar-highlight-arrow-left@2x.png"; sourceTree = "<group>"; };
		49129C4D1984E7FE00E2F5AC /* ITPathbar-highlight-arrow-right.png */ = {isa = PBXFileReference; lastKnownFileType = image.png; path = "ITPathbar-highlight-arrow-right.png"; sourceTree = "<group>"; };
		49129C4E1984E7FE00E2F5AC /* ITPathbar-highlight-arrow-right@2x.png */ = {isa = PBXFileReference; lastKnownFileType = image.png; path = "ITPathbar-highlight-arrow-right@2x.png"; sourceTree = "<group>"; };
		49129C4F1984E7FE00E2F5AC /* ITPathbar-highlight-edge.png */ = {isa = PBXFileReference; lastKnownFileType = image.png; path = "ITPathbar-highlight-edge.png"; sourceTree = "<group>"; };
		49129C501984E7FE00E2F5AC /* ITPathbar-highlight-edge@2x.png */ = {isa = PBXFileReference; lastKnownFileType = image.png; path = "ITPathbar-highlight-edge@2x.png"; sourceTree = "<group>"; };
		49129C511984E7FE00E2F5AC /* ITPathbar-highlight.png */ = {isa = PBXFileReference; lastKnownFileType = image.png; path = "ITPathbar-highlight.png"; sourceTree = "<group>"; };
		49129C521984E7FE00E2F5AC /* ITPathbar-highlight@2x.png */ = {isa = PBXFileReference; lastKnownFileType = image.png; path = "ITPathbar-highlight@2x.png"; sourceTree = "<group>"; };
		49129C531984E7FE00E2F5AC /* ITPathbar-separator.png */ = {isa = PBXFileReference; lastKnownFileType = image.png; path = "ITPathbar-separator.png"; sourceTree = "<group>"; };
		49129C541984E7FE00E2F5AC /* ITPathbar-separator@2x.png */ = {isa = PBXFileReference; lastKnownFileType = image.png; path = "ITPathbar-separator@2x.png"; sourceTree = "<group>"; };
		49129C801984E87000E2F5AC /* Light-edge.png */ = {isa = PBXFileReference; lastKnownFileType = image.png; path = "Light-edge.png"; sourceTree = "<group>"; };
		49129C811984E87000E2F5AC /* Light-edge@2x.png */ = {isa = PBXFileReference; lastKnownFileType = image.png; path = "Light-edge@2x.png"; sourceTree = "<group>"; };
		49129C821984E87000E2F5AC /* Light-fill.png */ = {isa = PBXFileReference; lastKnownFileType = image.png; path = "Light-fill.png"; sourceTree = "<group>"; };
		49129C831984E87000E2F5AC /* Light-fill@2x.png */ = {isa = PBXFileReference; lastKnownFileType = image.png; path = "Light-fill@2x.png"; sourceTree = "<group>"; };
		49129C841984E87000E2F5AC /* Light-highlight-arrow-left.png */ = {isa = PBXFileReference; lastKnownFileType = image.png; path = "Light-highlight-arrow-left.png"; sourceTree = "<group>"; };
		49129C851984E87000E2F5AC /* Light-highlight-arrow-left@2x.png */ = {isa = PBXFileReference; lastKnownFileType = image.png; path = "Light-highlight-arrow-left@2x.png"; sourceTree = "<group>"; };
		49129C861984E87000E2F5AC /* Light-highlight-arrow-right.png */ = {isa = PBXFileReference; lastKnownFileType = image.png; path = "Light-highlight-arrow-right.png"; sourceTree = "<group>"; };
		49129C871984E87000E2F5AC /* Light-highlight-arrow-right@2x.png */ = {isa = PBXFileReference; lastKnownFileType = image.png; path = "Light-highlight-arrow-right@2x.png"; sourceTree = "<group>"; };
		49129C881984E87000E2F5AC /* Light-highlight-edge.png */ = {isa = PBXFileReference; lastKnownFileType = image.png; path = "Light-highlight-edge.png"; sourceTree = "<group>"; };
		49129C891984E87000E2F5AC /* Light-highlight-edge@2x.png */ = {isa = PBXFileReference; lastKnownFileType = image.png; path = "Light-highlight-edge@2x.png"; sourceTree = "<group>"; };
		49129C8A1984E87000E2F5AC /* Light-highlight.png */ = {isa = PBXFileReference; lastKnownFileType = image.png; path = "Light-highlight.png"; sourceTree = "<group>"; };
		49129C8B1984E87000E2F5AC /* Light-highlight@2x.png */ = {isa = PBXFileReference; lastKnownFileType = image.png; path = "Light-highlight@2x.png"; sourceTree = "<group>"; };
		49129C8C1984E87000E2F5AC /* Light-separator.png */ = {isa = PBXFileReference; lastKnownFileType = image.png; path = "Light-separator.png"; sourceTree = "<group>"; };
		49129C8D1984E87000E2F5AC /* Light-separator@2x.png */ = {isa = PBXFileReference; lastKnownFileType = image.png; path = "Light-separator@2x.png"; sourceTree = "<group>"; };
		91A2504A1656A0C40006BBCF /* ITPathbar.app */ = {isa = PBXFileReference; explicitFileType = wrapper.application; includeInIndex = 0; path = ITPathbar.app; sourceTree = BUILT_PRODUCTS_DIR; };
		91A2504E1656A0C40006BBCF /* Cocoa.framework */ = {isa = PBXFileReference; lastKnownFileType = wrapper.framework; name = Cocoa.framework; path = System/Library/Frameworks/Cocoa.framework; sourceTree = SDKROOT; };
		91A250511656A0C40006BBCF /* AppKit.framework */ = {isa = PBXFileReference; lastKnownFileType = wrapper.framework; name = AppKit.framework; path = System/Library/Frameworks/AppKit.framework; sourceTree = SDKROOT; };
		91A250521656A0C40006BBCF /* CoreData.framework */ = {isa = PBXFileReference; lastKnownFileType = wrapper.framework; name = CoreData.framework; path = System/Library/Frameworks/CoreData.framework; sourceTree = SDKROOT; };
		91A250531656A0C40006BBCF /* Foundation.framework */ = {isa = PBXFileReference; lastKnownFileType = wrapper.framework; name = Foundation.framework; path = System/Library/Frameworks/Foundation.framework; sourceTree = SDKROOT; };
		91A250561656A0C40006BBCF /* ITPathbar-Info.plist */ = {isa = PBXFileReference; lastKnownFileType = text.plist.xml; path = "ITPathbar-Info.plist"; sourceTree = "<group>"; };
		91A250581656A0C40006BBCF /* en */ = {isa = PBXFileReference; lastKnownFileType = text.plist.strings; name = en; path = en.lproj/InfoPlist.strings; sourceTree = "<group>"; };
		91A2505A1656A0C40006BBCF /* main.m */ = {isa = PBXFileReference; lastKnownFileType = sourcecode.c.objc; path = main.m; sourceTree = "<group>"; };
		91A2505C1656A0C40006BBCF /* ITPathbar-Prefix.pch */ = {isa = PBXFileReference; lastKnownFileType = sourcecode.c.h; path = "ITPathbar-Prefix.pch"; sourceTree = "<group>"; };
		91A2505E1656A0C40006BBCF /* en */ = {isa = PBXFileReference; lastKnownFileType = text.rtf; name = en; path = en.lproj/Credits.rtf; sourceTree = "<group>"; };
		91A250601656A0C40006BBCF /* ITAppDelegate.h */ = {isa = PBXFileReference; lastKnownFileType = sourcecode.c.h; path = ITAppDelegate.h; sourceTree = "<group>"; };
		91A250611656A0C40006BBCF /* ITAppDelegate.m */ = {isa = PBXFileReference; lastKnownFileType = sourcecode.c.objc; path = ITAppDelegate.m; sourceTree = "<group>"; };
		91A250641656A0C40006BBCF /* en */ = {isa = PBXFileReference; lastKnownFileType = file.xib; name = en; path = en.lproj/MainMenu.xib; sourceTree = "<group>"; };
/* End PBXFileReference section */

/* Begin PBXFrameworksBuildPhase section */
		91A250471656A0C40006BBCF /* Frameworks */ = {
			isa = PBXFrameworksBuildPhase;
			buildActionMask = 2147483647;
			files = (
				91A2504F1656A0C40006BBCF /* Cocoa.framework in Frameworks */,
			);
			runOnlyForDeploymentPostprocessing = 0;
		};
/* End PBXFrameworksBuildPhase section */

/* Begin PBXGroup section */
		49129C451984E7FE00E2F5AC /* Themes */ = {
			isa = PBXGroup;
			children = (
				49129C461984E7FE00E2F5AC /* ITPathbar */,
				49129C551984E7FE00E2F5AC /* Light */,
			);
			path = Themes;
			sourceTree = SOURCE_ROOT;
		};
		49129C461984E7FE00E2F5AC /* ITPathbar */ = {
			isa = PBXGroup;
			children = (
				49129C471984E7FE00E2F5AC /* ITPathbar-edge.png */,
				49129C481984E7FE00E2F5AC /* ITPathbar-edge@2x.png */,
				49129C491984E7FE00E2F5AC /* ITPathbar-fill.png */,
				49129C4A1984E7FE00E2F5AC /* ITPathbar-fill@2x.png */,
				49129C4B1984E7FE00E2F5AC /* ITPathbar-highlight-arrow-left.png */,
				49129C4C1984E7FE00E2F5AC /* ITPathbar-highlight-arrow-left@2x.png */,
				49129C4D1984E7FE00E2F5AC /* ITPathbar-highlight-arrow-right.png */,
				49129C4E1984E7FE00E2F5AC /* ITPathbar-highlight-arrow-right@2x.png */,
				49129C4F1984E7FE00E2F5AC /* ITPathbar-highlight-edge.png */,
				49129C501984E7FE00E2F5AC /* ITPathbar-highlight-edge@2x.png */,
				49129C511984E7FE00E2F5AC /* ITPathbar-highlight.png */,
				49129C521984E7FE00E2F5AC /* ITPathbar-highlight@2x.png */,
				49129C531984E7FE00E2F5AC /* ITPathbar-separator.png */,
				49129C541984E7FE00E2F5AC /* ITPathbar-separator@2x.png */,
			);
			path = ITPathbar;
			sourceTree = "<group>";
		};
		49129C551984E7FE00E2F5AC /* Light */ = {
			isa = PBXGroup;
			children = (
				49129C801984E87000E2F5AC /* Light-edge.png */,
				49129C811984E87000E2F5AC /* Light-edge@2x.png */,
				49129C821984E87000E2F5AC /* Light-fill.png */,
				49129C831984E87000E2F5AC /* Light-fill@2x.png */,
				49129C841984E87000E2F5AC /* Light-highlight-arrow-left.png */,
				49129C851984E87000E2F5AC /* Light-highlight-arrow-left@2x.png */,
				49129C861984E87000E2F5AC /* Light-highlight-arrow-right.png */,
				49129C871984E87000E2F5AC /* Light-highlight-arrow-right@2x.png */,
				49129C881984E87000E2F5AC /* Light-highlight-edge.png */,
				49129C891984E87000E2F5AC /* Light-highlight-edge@2x.png */,
				49129C8A1984E87000E2F5AC /* Light-highlight.png */,
				49129C8B1984E87000E2F5AC /* Light-highlight@2x.png */,
				49129C8C1984E87000E2F5AC /* Light-separator.png */,
				49129C8D1984E87000E2F5AC /* Light-separator@2x.png */,
			);
			path = Light;
			sourceTree = "<group>";
		};
		91A2503F1656A0C40006BBCF = {
			isa = PBXGroup;
			children = (
				91A250541656A0C40006BBCF /* ITPathbar */,
				91A2504D1656A0C40006BBCF /* Frameworks */,
				91A2504B1656A0C40006BBCF /* Products */,
			);
			sourceTree = "<group>";
		};
		91A2504B1656A0C40006BBCF /* Products */ = {
			isa = PBXGroup;
			children = (
				91A2504A1656A0C40006BBCF /* ITPathbar.app */,
			);
			name = Products;
			sourceTree = "<group>";
		};
		91A2504D1656A0C40006BBCF /* Frameworks */ = {
			isa = PBXGroup;
			children = (
				91A2504E1656A0C40006BBCF /* Cocoa.framework */,
				91A250501656A0C40006BBCF /* Other Frameworks */,
			);
			name = Frameworks;
			sourceTree = "<group>";
		};
		91A250501656A0C40006BBCF /* Other Frameworks */ = {
			isa = PBXGroup;
			children = (
				91A250511656A0C40006BBCF /* AppKit.framework */,
				91A250521656A0C40006BBCF /* CoreData.framework */,
				91A250531656A0C40006BBCF /* Foundation.framework */,
			);
			name = "Other Frameworks";
			sourceTree = "<group>";
		};
		91A250541656A0C40006BBCF /* ITPathbar */ = {
			isa = PBXGroup;
			children = (
				91A250601656A0C40006BBCF /* ITAppDelegate.h */,
				91A250611656A0C40006BBCF /* ITAppDelegate.m */,
				91A250631656A0C40006BBCF /* MainMenu.xib */,
				91A250741656A20E0006BBCF /* ITPathbar */,
				49129C451984E7FE00E2F5AC /* Themes */,
				91A250551656A0C40006BBCF /* Supporting Files */,
			);
			path = ITPathbar;
			sourceTree = "<group>";
		};
		91A250551656A0C40006BBCF /* Supporting Files */ = {
			isa = PBXGroup;
			children = (
				91A250561656A0C40006BBCF /* ITPathbar-Info.plist */,
				91A250571656A0C40006BBCF /* InfoPlist.strings */,
				91A2505A1656A0C40006BBCF /* main.m */,
				91A2505C1656A0C40006BBCF /* ITPathbar-Prefix.pch */,
				91A2505D1656A0C40006BBCF /* Credits.rtf */,
			);
			name = "Supporting Files";
			sourceTree = "<group>";
		};
		91A250741656A20E0006BBCF /* ITPathbar */ = {
			isa = PBXGroup;
			children = (
				49129C201984E2D000E2F5AC /* ITPathbar.h */,
				49129C211984E2D000E2F5AC /* ITPathbar.m */,
				49129C221984E2D000E2F5AC /* ITPathbarCell.h */,
				49129C231984E2D000E2F5AC /* ITPathbarCell.m */,
				49129C241984E2D000E2F5AC /* ITPathbarComponentCell.h */,
				49129C251984E2D000E2F5AC /* ITPathbarComponentCell.m */,
			);
			name = ITPathbar;
			sourceTree = "<group>";
		};
/* End PBXGroup section */

/* Begin PBXNativeTarget section */
		91A250491656A0C40006BBCF /* ITPathbar */ = {
			isa = PBXNativeTarget;
			buildConfigurationList = 91A250681656A0C40006BBCF /* Build configuration list for PBXNativeTarget "ITPathbar" */;
			buildPhases = (
				91A250461656A0C40006BBCF /* Sources */,
				91A250471656A0C40006BBCF /* Frameworks */,
				91A250481656A0C40006BBCF /* Resources */,
			);
			buildRules = (
			);
			dependencies = (
			);
			name = ITPathbar;
			productName = ITPathbar;
			productReference = 91A2504A1656A0C40006BBCF /* ITPathbar.app */;
			productType = "com.apple.product-type.application";
		};
/* End PBXNativeTarget section */

/* Begin PBXProject section */
		91A250411656A0C40006BBCF /* Project object */ = {
			isa = PBXProject;
			attributes = {
				CLASSPREFIX = IT;
				LastUpgradeCheck = 0450;
				ORGANIZATIONNAME = "Ilija Tovilo";
			};
			buildConfigurationList = 91A250441656A0C40006BBCF /* Build configuration list for PBXProject "ITPathbar" */;
			compatibilityVersion = "Xcode 3.2";
			developmentRegion = English;
			hasScannedForEncodings = 0;
			knownRegions = (
				en,
			);
			mainGroup = 91A2503F1656A0C40006BBCF;
			productRefGroup = 91A2504B1656A0C40006BBCF /* Products */;
			projectDirPath = "";
			projectRoot = "";
			targets = (
				91A250491656A0C40006BBCF /* ITPathbar */,
			);
		};
/* End PBXProject section */

/* Begin PBXResourcesBuildPhase section */
		91A250481656A0C40006BBCF /* Resources */ = {
			isa = PBXResourcesBuildPhase;
			buildActionMask = 2147483647;
			files = (
				49129C9B1984E87000E2F5AC /* Light-separator@2x.png in Resources */,
				49129C9A1984E87000E2F5AC /* Light-separator.png in Resources */,
				49129C6B1984E7FE00E2F5AC /* ITPathbar-highlight-arrow-right@2x.png in Resources */,
				49129C6C1984E7FE00E2F5AC /* ITPathbar-highlight-edge.png in Resources */,
				49129C971984E87000E2F5AC /* Light-highlight-edge@2x.png in Resources */,
				49129C661984E7FE00E2F5AC /* ITPathbar-fill.png in Resources */,
				49129C671984E7FE00E2F5AC /* ITPathbar-fill@2x.png in Resources */,
				49129C921984E87000E2F5AC /* Light-highlight-arrow-left.png in Resources */,
				91A250591656A0C40006BBCF /* InfoPlist.strings in Resources */,
				49129C711984E7FE00E2F5AC /* ITPathbar-separator@2x.png in Resources */,
				49129C691984E7FE00E2F5AC /* ITPathbar-highlight-arrow-left@2x.png in Resources */,
				49129C6E1984E7FE00E2F5AC /* ITPathbar-highlight.png in Resources */,
				49129C701984E7FE00E2F5AC /* ITPathbar-separator.png in Resources */,
				49129C8E1984E87000E2F5AC /* Light-edge.png in Resources */,
				49129C911984E87000E2F5AC /* Light-fill@2x.png in Resources */,
				91A2505F1656A0C40006BBCF /* Credits.rtf in Resources */,
				49129C931984E87000E2F5AC /* Light-highlight-arrow-left@2x.png in Resources */,
				49129C6F1984E7FE00E2F5AC /* ITPathbar-highlight@2x.png in Resources */,
				49129C651984E7FE00E2F5AC /* ITPathbar-edge@2x.png in Resources */,
				49129C901984E87000E2F5AC /* Light-fill.png in Resources */,
				49129C951984E87000E2F5AC /* Light-highlight-arrow-right@2x.png in Resources */,
				49129C961984E87000E2F5AC /* Light-highlight-edge.png in Resources */,
				49129C991984E87000E2F5AC /* Light-highlight@2x.png in Resources */,
				49129C8F1984E87000E2F5AC /* Light-edge@2x.png in Resources */,
				49129C941984E87000E2F5AC /* Light-highlight-arrow-right.png in Resources */,
				49129C681984E7FE00E2F5AC /* ITPathbar-highlight-arrow-left.png in Resources */,
				49129C641984E7FE00E2F5AC /* ITPathbar-edge.png in Resources */,
				91A250651656A0C40006BBCF /* MainMenu.xib in Resources */,
				49129C6A1984E7FE00E2F5AC /* ITPathbar-highlight-arrow-right.png in Resources */,
				49129C6D1984E7FE00E2F5AC /* ITPathbar-highlight-edge@2x.png in Resources */,
				49129C981984E87000E2F5AC /* Light-highlight.png in Resources */,
			);
			runOnlyForDeploymentPostprocessing = 0;
		};
/* End PBXResourcesBuildPhase section */

/* Begin PBXSourcesBuildPhase section */
		91A250461656A0C40006BBCF /* Sources */ = {
			isa = PBXSourcesBuildPhase;
			buildActionMask = 2147483647;
			files = (
				91A2505B1656A0C40006BBCF /* main.m in Sources */,
				49129C281984E2D000E2F5AC /* ITPathbarComponentCell.m in Sources */,
				49129C271984E2D000E2F5AC /* ITPathbarCell.m in Sources */,
				91A250621656A0C40006BBCF /* ITAppDelegate.m in Sources */,
				49129C261984E2D000E2F5AC /* ITPathbar.m in Sources */,
			);
			runOnlyForDeploymentPostprocessing = 0;
		};
/* End PBXSourcesBuildPhase section */

/* Begin PBXVariantGroup section */
		91A250571656A0C40006BBCF /* InfoPlist.strings */ = {
			isa = PBXVariantGroup;
			children = (
				91A250581656A0C40006BBCF /* en */,
			);
			name = InfoPlist.strings;
			sourceTree = "<group>";
		};
		91A2505D1656A0C40006BBCF /* Credits.rtf */ = {
			isa = PBXVariantGroup;
			children = (
				91A2505E1656A0C40006BBCF /* en */,
			);
			name = Credits.rtf;
			sourceTree = "<group>";
		};
		91A250631656A0C40006BBCF /* MainMenu.xib */ = {
			isa = PBXVariantGroup;
			children = (
				91A250641656A0C40006BBCF /* en */,
			);
			name = MainMenu.xib;
			sourceTree = "<group>";
		};
/* End PBXVariantGroup section */

/* Begin XCBuildConfiguration section */
		91A250661656A0C40006BBCF /* Debug */ = {
			isa = XCBuildConfiguration;
			buildSettings = {
				ALWAYS_SEARCH_USER_PATHS = NO;
				ARCHS = "$(ARCHS_STANDARD_64_BIT)";
				CLANG_CXX_LANGUAGE_STANDARD = "gnu++0x";
				CLANG_CXX_LIBRARY = "libc++";
				CLANG_ENABLE_OBJC_ARC = YES;
				CLANG_WARN_EMPTY_BODY = YES;
				CLANG_WARN__DUPLICATE_METHOD_MATCH = YES;
				COPY_PHASE_STRIP = NO;
				GCC_C_LANGUAGE_STANDARD = gnu99;
				GCC_DYNAMIC_NO_PIC = NO;
				GCC_ENABLE_OBJC_EXCEPTIONS = YES;
				GCC_OPTIMIZATION_LEVEL = 0;
				GCC_PREPROCESSOR_DEFINITIONS = (
					"DEBUG=1",
					"$(inherited)",
				);
				GCC_SYMBOLS_PRIVATE_EXTERN = NO;
				GCC_WARN_64_TO_32_BIT_CONVERSION = YES;
				GCC_WARN_ABOUT_RETURN_TYPE = YES;
				GCC_WARN_UNINITIALIZED_AUTOS = YES;
				GCC_WARN_UNUSED_VARIABLE = YES;
				MACOSX_DEPLOYMENT_TARGET = 10.8;
				ONLY_ACTIVE_ARCH = YES;
				SDKROOT = macosx;
			};
			name = Debug;
		};
		91A250671656A0C40006BBCF /* Release */ = {
			isa = XCBuildConfiguration;
			buildSettings = {
				ALWAYS_SEARCH_USER_PATHS = NO;
				ARCHS = "$(ARCHS_STANDARD_64_BIT)";
				CLANG_CXX_LANGUAGE_STANDARD = "gnu++0x";
				CLANG_CXX_LIBRARY = "libc++";
				CLANG_ENABLE_OBJC_ARC = YES;
				CLANG_WARN_EMPTY_BODY = YES;
				CLANG_WARN__DUPLICATE_METHOD_MATCH = YES;
				COPY_PHASE_STRIP = YES;
				DEBUG_INFORMATION_FORMAT = "dwarf-with-dsym";
				GCC_C_LANGUAGE_STANDARD = gnu99;
				GCC_ENABLE_OBJC_EXCEPTIONS = YES;
				GCC_WARN_64_TO_32_BIT_CONVERSION = YES;
				GCC_WARN_ABOUT_RETURN_TYPE = YES;
				GCC_WARN_UNINITIALIZED_AUTOS = YES;
				GCC_WARN_UNUSED_VARIABLE = YES;
				MACOSX_DEPLOYMENT_TARGET = 10.8;
				SDKROOT = macosx;
			};
			name = Release;
		};
		91A250691656A0C40006BBCF /* Debug */ = {
			isa = XCBuildConfiguration;
			buildSettings = {
				COMBINE_HIDPI_IMAGES = YES;
				GCC_PRECOMPILE_PREFIX_HEADER = YES;
				GCC_PREFIX_HEADER = "ITPathbar/ITPathbar-Prefix.pch";
				INFOPLIST_FILE = "ITPathbar/ITPathbar-Info.plist";
				PRODUCT_NAME = "$(TARGET_NAME)";
				WRAPPER_EXTENSION = app;
			};
			name = Debug;
		};
		91A2506A1656A0C40006BBCF /* Release */ = {
			isa = XCBuildConfiguration;
			buildSettings = {
				COMBINE_HIDPI_IMAGES = YES;
				GCC_PRECOMPILE_PREFIX_HEADER = YES;
				GCC_PREFIX_HEADER = "ITPathbar/ITPathbar-Prefix.pch";
				INFOPLIST_FILE = "ITPathbar/ITPathbar-Info.plist";
				PRODUCT_NAME = "$(TARGET_NAME)";
				WRAPPER_EXTENSION = app;
			};
			name = Release;
		};
/* End XCBuildConfiguration section */

/* Begin XCConfigurationList section */
		91A250441656A0C40006BBCF /* Build configuration list for PBXProject "ITPathbar" */ = {
			isa = XCConfigurationList;
			buildConfigurations = (
				91A250661656A0C40006BBCF /* Debug */,
				91A250671656A0C40006BBCF /* Release */,
			);
			defaultConfigurationIsVisible = 0;
			defaultConfigurationName = Release;
		};
		91A250681656A0C40006BBCF /* Build configuration list for PBXNativeTarget "ITPathbar" */ = {
			isa = XCConfigurationList;
			buildConfigurations = (
				91A250691656A0C40006BBCF /* Debug */,
				91A2506A1656A0C40006BBCF /* Release */,
			);
			defaultConfigurationIsVisible = 0;
			defaultConfigurationName = Release;
		};
/* End XCConfigurationList section */
	};
	rootObject = 91A250411656A0C40006BBCF /* Project object */;
}
