// !$*UTF8*$!
{
	archiveVersion = 1;
	classes = {
	};
	objectVersion = 46;
	objects = {

/* Begin PBXBuildFile section */
		49129C261984E2D000E2F5AC /* ITPathbar.m in Sources */ = {isa = PBXBuildFile; fileRef = 49129C211984E2D000E2F5AC /* ITPathbar.m */; };
		49129C271984E2D000E2F5AC /* ITPathbarCell.m in Sources */ = {isa = PBXBuildFile; fileRef = 49129C231984E2D000E2F5AC /* ITPathbarCell.m */; };
		49129C281984E2D000E2F5AC /* ITPathbarComponentCell.m in Sources */ = {isa = PBXBuildFile; fileRef = 49129C251984E2D000E2F5AC /* ITPathbarComponentCell.m */; };
		49129C371984E2E600E2F5AC /* ITPathbar-edge.png in Resources */ = {isa = PBXBuildFile; fileRef = 49129C291984E2E600E2F5AC /* ITPathbar-edge.png */; };
		49129C381984E2E600E2F5AC /* ITPathbar-edge@2x.png in Resources */ = {isa = PBXBuildFile; fileRef = 49129C2A1984E2E600E2F5AC /* ITPathbar-edge@2x.png */; };
		49129C391984E2E600E2F5AC /* ITPathbar-fill.png in Resources */ = {isa = PBXBuildFile; fileRef = 49129C2B1984E2E600E2F5AC /* ITPathbar-fill.png */; };
		49129C3A1984E2E600E2F5AC /* ITPathbar-fill@2x.png in Resources */ = {isa = PBXBuildFile; fileRef = 49129C2C1984E2E600E2F5AC /* ITPathbar-fill@2x.png */; };
		49129C3B1984E2E600E2F5AC /* ITPathbar-highlight-arrow-left.png in Resources */ = {isa = PBXBuildFile; fileRef = 49129C2D1984E2E600E2F5AC /* ITPathbar-highlight-arrow-left.png */; };
		49129C3C1984E2E600E2F5AC /* ITPathbar-highlight-arrow-left@2x.png in Resources */ = {isa = PBXBuildFile; fileRef = 49129C2E1984E2E600E2F5AC /* ITPathbar-highlight-arrow-left@2x.png */; };
		49129C3D1984E2E600E2F5AC /* ITPathbar-highlight-arrow-right.png in Resources */ = {isa = PBXBuildFile; fileRef = 49129C2F1984E2E600E2F5AC /* ITPathbar-highlight-arrow-right.png */; };
		49129C3E1984E2E600E2F5AC /* ITPathbar-highlight-arrow-right@2x.png in Resources */ = {isa = PBXBuildFile; fileRef = 49129C301984E2E600E2F5AC /* ITPathbar-highlight-arrow-right@2x.png */; };
		49129C3F1984E2E600E2F5AC /* ITPathbar-highlight-edge.png in Resources */ = {isa = PBXBuildFile; fileRef = 49129C311984E2E600E2F5AC /* ITPathbar-highlight-edge.png */; };
		49129C401984E2E600E2F5AC /* ITPathbar-highlight-edge@2x.png in Resources */ = {isa = PBXBuildFile; fileRef = 49129C321984E2E600E2F5AC /* ITPathbar-highlight-edge@2x.png */; };
		49129C411984E2E600E2F5AC /* ITPathbar-highlight.png in Resources */ = {isa = PBXBuildFile; fileRef = 49129C331984E2E600E2F5AC /* ITPathbar-highlight.png */; };
		49129C421984E2E600E2F5AC /* ITPathbar-highlight@2x.png in Resources */ = {isa = PBXBuildFile; fileRef = 49129C341984E2E600E2F5AC /* ITPathbar-highlight@2x.png */; };
		49129C431984E2E600E2F5AC /* ITPathbar-separator.png in Resources */ = {isa = PBXBuildFile; fileRef = 49129C351984E2E600E2F5AC /* ITPathbar-separator.png */; };
		49129C441984E2E600E2F5AC /* ITPathbar-separator@2x.png in Resources */ = {isa = PBXBuildFile; fileRef = 49129C361984E2E600E2F5AC /* ITPathbar-separator@2x.png */; };
		91A2504F1656A0C40006BBCF /* Cocoa.framework in Frameworks */ = {isa = PBXBuildFile; fileRef = 91A2504E1656A0C40006BBCF /* Cocoa.framework */; };
		91A250591656A0C40006BBCF /* InfoPlist.strings in Resources */ = {isa = PBXBuildFile; fileRef = 91A250571656A0C40006BBCF /* InfoPlist.strings */; };
		91A2505B1656A0C40006BBCF /* main.m in Sources */ = {isa = PBXBuildFile; fileRef = 91A2505A1656A0C40006BBCF /* main.m */; };
		91A2505F1656A0C40006BBCF /* Credits.rtf in Resources */ = {isa = PBXBuildFile; fileRef = 91A2505D1656A0C40006BBCF /* Credits.rtf */; };
		91A250621656A0C40006BBCF /* ITAppDelegate.m in Sources */ = {isa = PBXBuildFile; fileRef = 91A250611656A0C40006BBCF /* ITAppDelegate.m */; };
		91A250651656A0C40006BBCF /* MainMenu.xib in Resources */ = {isa = PBXBuildFile; fileRef = 91A250631656A0C40006BBCF /* MainMenu.xib */; };
/* End PBXBuildFile section */

/* Begin PBXFileReference section */
		49129C201984E2D000E2F5AC /* ITPathbar.h */ = {isa = PBXFileReference; fileEncoding = 4; lastKnownFileType = sourcecode.c.h; name = ITPathbar.h; path = Component/ITPathbar.h; sourceTree = SOURCE_ROOT; };
		49129C211984E2D000E2F5AC /* ITPathbar.m */ = {isa = PBXFileReference; fileEncoding = 4; lastKnownFileType = sourcecode.c.objc; name = ITPathbar.m; path = Component/ITPathbar.m; sourceTree = SOURCE_ROOT; };
		49129C221984E2D000E2F5AC /* ITPathbarCell.h */ = {isa = PBXFileReference; fileEncoding = 4; lastKnownFileType = sourcecode.c.h; name = ITPathbarCell.h; path = Component/ITPathbarCell.h; sourceTree = SOURCE_ROOT; };
		49129C231984E2D000E2F5AC /* ITPathbarCell.m */ = {isa = PBXFileReference; fileEncoding = 4; lastKnownFileType = sourcecode.c.objc; name = ITPathbarCell.m; path = Component/ITPathbarCell.m; sourceTree = SOURCE_ROOT; };
		49129C241984E2D000E2F5AC /* ITPathbarComponentCell.h */ = {isa = PBXFileReference; fileEncoding = 4; lastKnownFileType = sourcecode.c.h; name = ITPathbarComponentCell.h; path = Component/ITPathbarComponentCell.h; sourceTree = SOURCE_ROOT; };
		49129C251984E2D000E2F5AC /* ITPathbarComponentCell.m */ = {isa = PBXFileReference; fileEncoding = 4; lastKnownFileType = sourcecode.c.objc; name = ITPathbarComponentCell.m; path = Component/ITPathbarComponentCell.m; sourceTree = SOURCE_ROOT; };
		49129C291984E2E600E2F5AC /* ITPathbar-edge.png */ = {isa = PBXFileReference; lastKnownFileType = image.png; name = "ITPathbar-edge.png"; path = "Images/ITPathbar-edge.png"; sourceTree = SOURCE_ROOT; };
		49129C2A1984E2E600E2F5AC /* ITPathbar-edge@2x.png */ = {isa = PBXFileReference; lastKnownFileType = image.png; name = "ITPathbar-edge@2x.png"; path = "Images/ITPathbar-edge@2x.png"; sourceTree = SOURCE_ROOT; };
		49129C2B1984E2E600E2F5AC /* ITPathbar-fill.png */ = {isa = PBXFileReference; lastKnownFileType = image.png; name = "ITPathbar-fill.png"; path = "Images/ITPathbar-fill.png"; sourceTree = SOURCE_ROOT; };
		49129C2C1984E2E600E2F5AC /* ITPathbar-fill@2x.png */ = {isa = PBXFileReference; lastKnownFileType = image.png; name = "ITPathbar-fill@2x.png"; path = "Images/ITPathbar-fill@2x.png"; sourceTree = SOURCE_ROOT; };
		49129C2D1984E2E600E2F5AC /* ITPathbar-highlight-arrow-left.png */ = {isa = PBXFileReference; lastKnownFileType = image.png; name = "ITPathbar-highlight-arrow-left.png"; path = "Images/ITPathbar-highlight-arrow-left.png"; sourceTree = SOURCE_ROOT; };
		49129C2E1984E2E600E2F5AC /* ITPathbar-highlight-arrow-left@2x.png */ = {isa = PBXFileReference; lastKnownFileType = image.png; name = "ITPathbar-highlight-arrow-left@2x.png"; path = "Images/ITPathbar-highlight-arrow-left@2x.png"; sourceTree = SOURCE_ROOT; };
		49129C2F1984E2E600E2F5AC /* ITPathbar-highlight-arrow-right.png */ = {isa = PBXFileReference; lastKnownFileType = image.png; name = "ITPathbar-highlight-arrow-right.png"; path = "Images/ITPathbar-highlight-arrow-right.png"; sourceTree = SOURCE_ROOT; };
		49129C301984E2E600E2F5AC /* ITPathbar-highlight-arrow-right@2x.png */ = {isa = PBXFileReference; lastKnownFileType = image.png; name = "ITPathbar-highlight-arrow-right@2x.png"; path = "Images/ITPathbar-highlight-arrow-right@2x.png"; sourceTree = SOURCE_ROOT; };
		49129C311984E2E600E2F5AC /* ITPathbar-highlight-edge.png */ = {isa = PBXFileReference; lastKnownFileType = image.png; name = "ITPathbar-highlight-edge.png"; path = "Images/ITPathbar-highlight-edge.png"; sourceTree = SOURCE_ROOT; };
		49129C321984E2E600E2F5AC /* ITPathbar-highlight-edge@2x.png */ = {isa = PBXFileReference; lastKnownFileType = image.png; name = "ITPathbar-highlight-edge@2x.png"; path = "Images/ITPathbar-highlight-edge@2x.png"; sourceTree = SOURCE_ROOT; };
		49129C331984E2E600E2F5AC /* ITPathbar-highlight.png */ = {isa = PBXFileReference; lastKnownFileType = image.png; name = "ITPathbar-highlight.png"; path = "Images/ITPathbar-highlight.png"; sourceTree = SOURCE_ROOT; };
		49129C341984E2E600E2F5AC /* ITPathbar-highlight@2x.png */ = {isa = PBXFileReference; lastKnownFileType = image.png; name = "ITPathbar-highlight@2x.png"; path = "Images/ITPathbar-highlight@2x.png"; sourceTree = SOURCE_ROOT; };
		49129C351984E2E600E2F5AC /* ITPathbar-separator.png */ = {isa = PBXFileReference; lastKnownFileType = image.png; name = "ITPathbar-separator.png"; path = "Images/ITPathbar-separator.png"; sourceTree = SOURCE_ROOT; };
		49129C361984E2E600E2F5AC /* ITPathbar-separator@2x.png */ = {isa = PBXFileReference; lastKnownFileType = image.png; name = "ITPathbar-separator@2x.png"; path = "Images/ITPathbar-separator@2x.png"; sourceTree = SOURCE_ROOT; };
		91A2504A1656A0C40006BBCF /* ITPathbar.app */ = {isa = PBXFileReference; explicitFileType = wrapper.application; includeInIndex = 0; path = ITPathbar.app; sourceTree = BUILT_PRODUCTS_DIR; };
		91A2504E1656A0C40006BBCF /* Cocoa.framework */ = {isa = PBXFileReference; lastKnownFileType = wrapper.framework; name = Cocoa.framework; path = System/Library/Frameworks/Cocoa.framework; sourceTree = SDKROOT; };
		91A250511656A0C40006BBCF /* AppKit.framework */ = {isa = PBXFileReference; lastKnownFileType = wrapper.framework; name = AppKit.framework; path = System/Library/Frameworks/AppKit.framework; sourceTree = SDKROOT; };
		91A250521656A0C40006BBCF /* CoreData.framework */ = {isa = PBXFileReference; lastKnownFileType = wrapper.framework; name = CoreData.framework; path = System/Library/Frameworks/CoreData.framework; sourceTree = SDKROOT; };
		91A250531656A0C40006BBCF /* Foundation.framework */ = {isa = PBXFileReference; lastKnownFileType = wrapper.framework; name = Foundation.framework; path = System/Library/Frameworks/Foundation.framework; sourceTree = SDKROOT; };
		91A250561656A0C40006BBCF /* ITPathbar-Info.plist */ = {isa = PBXFileReference; lastKnownFileType = text.plist.xml; path = "ITPathbar-Info.plist"; sourceTree = "<group>"; };
		91A250581656A0C40006BBCF /* en */ = {isa = PBXFileReference; lastKnownFileType = text.plist.strings; name = en; path = en.lproj/InfoPlist.strings; sourceTree = "<group>"; };
		91A2505A1656A0C40006BBCF /* main.m */ = {isa = PBXFileReference; lastKnownFileType = sourcecode.c.objc; path = main.m; sourceTree = "<group>"; };
		91A2505C1656A0C40006BBCF /* ITPathbar-Prefix.pch */ = {isa = PBXFileReference; lastKnownFileType = sourcecode.c.h; path = "ITPathbar-Prefix.pch"; sourceTree = "<group>"; };
		91A2505E1656A0C40006BBCF /* en */ = {isa = PBXFileReference; lastKnownFileType = text.rtf; name = en; path = en.lproj/Credits.rtf; sourceTree = "<group>"; };
		91A250601656A0C40006BBCF /* ITAppDelegate.h */ = {isa = PBXFileReference; lastKnownFileType = sourcecode.c.h; path = ITAppDelegate.h; sourceTree = "<group>"; };
		91A250611656A0C40006BBCF /* ITAppDelegate.m */ = {isa = PBXFileReference; lastKnownFileType = sourcecode.c.objc; path = ITAppDelegate.m; sourceTree = "<group>"; };
		91A250641656A0C40006BBCF /* en */ = {isa = PBXFileReference; lastKnownFileType = file.xib; name = en; path = en.lproj/MainMenu.xib; sourceTree = "<group>"; };
/* End PBXFileReference section */

/* Begin PBXFrameworksBuildPhase section */
		91A250471656A0C40006BBCF /* Frameworks */ = {
			isa = PBXFrameworksBuildPhase;
			buildActionMask = 2147483647;
			files = (
				91A2504F1656A0C40006BBCF /* Cocoa.framework in Frameworks */,
			);
			runOnlyForDeploymentPostprocessing = 0;
		};
/* End PBXFrameworksBuildPhase section */

/* Begin PBXGroup section */
		91A2503F1656A0C40006BBCF = {
			isa = PBXGroup;
			children = (
				91A250541656A0C40006BBCF /* ITPathbar */,
				91A2504D1656A0C40006BBCF /* Frameworks */,
				91A2504B1656A0C40006BBCF /* Products */,
			);
			sourceTree = "<group>";
		};
		91A2504B1656A0C40006BBCF /* Products */ = {
			isa = PBXGroup;
			children = (
				91A2504A1656A0C40006BBCF /* ITPathbar.app */,
			);
			name = Products;
			sourceTree = "<group>";
		};
		91A2504D1656A0C40006BBCF /* Frameworks */ = {
			isa = PBXGroup;
			children = (
				91A2504E1656A0C40006BBCF /* Cocoa.framework */,
				91A250501656A0C40006BBCF /* Other Frameworks */,
			);
			name = Frameworks;
			sourceTree = "<group>";
		};
		91A250501656A0C40006BBCF /* Other Frameworks */ = {
			isa = PBXGroup;
			children = (
				91A250511656A0C40006BBCF /* AppKit.framework */,
				91A250521656A0C40006BBCF /* CoreData.framework */,
				91A250531656A0C40006BBCF /* Foundation.framework */,
			);
			name = "Other Frameworks";
			sourceTree = "<group>";
		};
		91A250541656A0C40006BBCF /* ITPathbar */ = {
			isa = PBXGroup;
			children = (
				91A250601656A0C40006BBCF /* ITAppDelegate.h */,
				91A250611656A0C40006BBCF /* ITAppDelegate.m */,
				91A250631656A0C40006BBCF /* MainMenu.xib */,
				91A250741656A20E0006BBCF /* ITPathbar */,
				91A250551656A0C40006BBCF /* Supporting Files */,
				91A250771656A2510006BBCF /* themes */,
			);
			path = ITPathbar;
			sourceTree = "<group>";
		};
		91A250551656A0C40006BBCF /* Supporting Files */ = {
			isa = PBXGroup;
			children = (
				91A250561656A0C40006BBCF /* ITPathbar-Info.plist */,
				91A250571656A0C40006BBCF /* InfoPlist.strings */,
				91A2505A1656A0C40006BBCF /* main.m */,
				91A2505C1656A0C40006BBCF /* ITPathbar-Prefix.pch */,
				91A2505D1656A0C40006BBCF /* Credits.rtf */,
			);
			name = "Supporting Files";
			sourceTree = "<group>";
		};
		91A250741656A20E0006BBCF /* ITPathbar */ = {
			isa = PBXGroup;
			children = (
				49129C201984E2D000E2F5AC /* ITPathbar.h */,
				49129C211984E2D000E2F5AC /* ITPathbar.m */,
				49129C221984E2D000E2F5AC /* ITPathbarCell.h */,
				49129C231984E2D000E2F5AC /* ITPathbarCell.m */,
				49129C241984E2D000E2F5AC /* ITPathbarComponentCell.h */,
				49129C251984E2D000E2F5AC /* ITPathbarComponentCell.m */,
			);
			name = ITPathbar;
			sourceTree = "<group>";
		};
		91A250771656A2510006BBCF /* themes */ = {
			isa = PBXGroup;
			children = (
				49129C291984E2E600E2F5AC /* ITPathbar-edge.png */,
				49129C2A1984E2E600E2F5AC /* ITPathbar-edge@2x.png */,
				49129C2B1984E2E600E2F5AC /* ITPathbar-fill.png */,
				49129C2C1984E2E600E2F5AC /* ITPathbar-fill@2x.png */,
				49129C2D1984E2E600E2F5AC /* ITPathbar-highlight-arrow-left.png */,
				49129C2E1984E2E600E2F5AC /* ITPathbar-highlight-arrow-left@2x.png */,
				49129C2F1984E2E600E2F5AC /* ITPathbar-highlight-arrow-right.png */,
				49129C301984E2E600E2F5AC /* ITPathbar-highlight-arrow-right@2x.png */,
				49129C311984E2E600E2F5AC /* ITPathbar-highlight-edge.png */,
				49129C321984E2E600E2F5AC /* ITPathbar-highlight-edge@2x.png */,
				49129C331984E2E600E2F5AC /* ITPathbar-highlight.png */,
				49129C341984E2E600E2F5AC /* ITPathbar-highlight@2x.png */,
				49129C351984E2E600E2F5AC /* ITPathbar-separator.png */,
				49129C361984E2E600E2F5AC /* ITPathbar-separator@2x.png */,
			);
			name = themes;
			sourceTree = "<group>";
		};
/* End PBXGroup section */

/* Begin PBXNativeTarget section */
		91A250491656A0C40006BBCF /* ITPathbar */ = {
			isa = PBXNativeTarget;
			buildConfigurationList = 91A250681656A0C40006BBCF /* Build configuration list for PBXNativeTarget "ITPathbar" */;
			buildPhases = (
				91A250461656A0C40006BBCF /* Sources */,
				91A250471656A0C40006BBCF /* Frameworks */,
				91A250481656A0C40006BBCF /* Resources */,
			);
			buildRules = (
			);
			dependencies = (
			);
			name = ITPathbar;
			productName = ITPathbar;
			productReference = 91A2504A1656A0C40006BBCF /* ITPathbar.app */;
			productType = "com.apple.product-type.application";
		};
/* End PBXNativeTarget section */

/* Begin PBXProject section */
		91A250411656A0C40006BBCF /* Project object */ = {
			isa = PBXProject;
			attributes = {
				CLASSPREFIX = IT;
				LastUpgradeCheck = 0450;
				ORGANIZATIONNAME = "Ilija Tovilo";
			};
			buildConfigurationList = 91A250441656A0C40006BBCF /* Build configuration list for PBXProject "ITPathbar" */;
			compatibilityVersion = "Xcode 3.2";
			developmentRegion = English;
			hasScannedForEncodings = 0;
			knownRegions = (
				en,
			);
			mainGroup = 91A2503F1656A0C40006BBCF;
			productRefGroup = 91A2504B1656A0C40006BBCF /* Products */;
			projectDirPath = "";
			projectRoot = "";
			targets = (
				91A250491656A0C40006BBCF /* ITPathbar */,
			);
		};
/* End PBXProject section */

/* Begin PBXResourcesBuildPhase section */
		91A250481656A0C40006BBCF /* Resources */ = {
			isa = PBXResourcesBuildPhase;
			buildActionMask = 2147483647;
			files = (
				49129C3E1984E2E600E2F5AC /* ITPathbar-highlight-arrow-right@2x.png in Resources */,
				49129C3F1984E2E600E2F5AC /* ITPathbar-highlight-edge.png in Resources */,
				49129C391984E2E600E2F5AC /* ITPathbar-fill.png in Resources */,
				49129C3A1984E2E600E2F5AC /* ITPathbar-fill@2x.png in Resources */,
				91A250591656A0C40006BBCF /* InfoPlist.strings in Resources */,
				49129C441984E2E600E2F5AC /* ITPathbar-separator@2x.png in Resources */,
				49129C3C1984E2E600E2F5AC /* ITPathbar-highlight-arrow-left@2x.png in Resources */,
				49129C411984E2E600E2F5AC /* ITPathbar-highlight.png in Resources */,
				49129C431984E2E600E2F5AC /* ITPathbar-separator.png in Resources */,
				91A2505F1656A0C40006BBCF /* Credits.rtf in Resources */,
				49129C421984E2E600E2F5AC /* ITPathbar-highlight@2x.png in Resources */,
				49129C381984E2E600E2F5AC /* ITPathbar-edge@2x.png in Resources */,
				49129C3B1984E2E600E2F5AC /* ITPathbar-highlight-arrow-left.png in Resources */,
				49129C371984E2E600E2F5AC /* ITPathbar-edge.png in Resources */,
				91A250651656A0C40006BBCF /* MainMenu.xib in Resources */,
				49129C3D1984E2E600E2F5AC /* ITPathbar-highlight-arrow-right.png in Resources */,
				49129C401984E2E600E2F5AC /* ITPathbar-highlight-edge@2x.png in Resources */,
			);
			runOnlyForDeploymentPostprocessing = 0;
		};
/* End PBXResourcesBuildPhase section */

/* Begin PBXSourcesBuildPhase section */
		91A250461656A0C40006BBCF /* Sources */ = {
			isa = PBXSourcesBuildPhase;
			buildActionMask = 2147483647;
			files = (
				91A2505B1656A0C40006BBCF /* main.m in Sources */,
				49129C281984E2D000E2F5AC /* ITPathbarComponentCell.m in Sources */,
				49129C271984E2D000E2F5AC /* ITPathbarCell.m in Sources */,
				91A250621656A0C40006BBCF /* ITAppDelegate.m in Sources */,
				49129C261984E2D000E2F5AC /* ITPathbar.m in Sources */,
			);
			runOnlyForDeploymentPostprocessing = 0;
		};
/* End PBXSourcesBuildPhase section */

/* Begin PBXVariantGroup section */
		91A250571656A0C40006BBCF /* InfoPlist.strings */ = {
			isa = PBXVariantGroup;
			children = (
				91A250581656A0C40006BBCF /* en */,
			);
			name = InfoPlist.strings;
			sourceTree = "<group>";
		};
		91A2505D1656A0C40006BBCF /* Credits.rtf */ = {
			isa = PBXVariantGroup;
			children = (
				91A2505E1656A0C40006BBCF /* en */,
			);
			name = Credits.rtf;
			sourceTree = "<group>";
		};
		91A250631656A0C40006BBCF /* MainMenu.xib */ = {
			isa = PBXVariantGroup;
			children = (
				91A250641656A0C40006BBCF /* en */,
			);
			name = MainMenu.xib;
			sourceTree = "<group>";
		};
/* End PBXVariantGroup section */

/* Begin XCBuildConfiguration section */
		91A250661656A0C40006BBCF /* Debug */ = {
			isa = XCBuildConfiguration;
			buildSettings = {
				ALWAYS_SEARCH_USER_PATHS = NO;
				ARCHS = "$(ARCHS_STANDARD_64_BIT)";
				CLANG_CXX_LANGUAGE_STANDARD = "gnu++0x";
				CLANG_CXX_LIBRARY = "libc++";
				CLANG_ENABLE_OBJC_ARC = YES;
				CLANG_WARN_EMPTY_BODY = YES;
				CLANG_WARN__DUPLICATE_METHOD_MATCH = YES;
				COPY_PHASE_STRIP = NO;
				GCC_C_LANGUAGE_STANDARD = gnu99;
				GCC_DYNAMIC_NO_PIC = NO;
				GCC_ENABLE_OBJC_EXCEPTIONS = YES;
				GCC_OPTIMIZATION_LEVEL = 0;
				GCC_PREPROCESSOR_DEFINITIONS = (
					"DEBUG=1",
					"$(inherited)",
				);
				GCC_SYMBOLS_PRIVATE_EXTERN = NO;
				GCC_WARN_64_TO_32_BIT_CONVERSION = YES;
				GCC_WARN_ABOUT_RETURN_TYPE = YES;
				GCC_WARN_UNINITIALIZED_AUTOS = YES;
				GCC_WARN_UNUSED_VARIABLE = YES;
				MACOSX_DEPLOYMENT_TARGET = 10.8;
				ONLY_ACTIVE_ARCH = YES;
				SDKROOT = macosx;
			};
			name = Debug;
		};
		91A250671656A0C40006BBCF /* Release */ = {
			isa = XCBuildConfiguration;
			buildSettings = {
				ALWAYS_SEARCH_USER_PATHS = NO;
				ARCHS = "$(ARCHS_STANDARD_64_BIT)";
				CLANG_CXX_LANGUAGE_STANDARD = "gnu++0x";
				CLANG_CXX_LIBRARY = "libc++";
				CLANG_ENABLE_OBJC_ARC = YES;
				CLANG_WARN_EMPTY_BODY = YES;
				CLANG_WARN__DUPLICATE_METHOD_MATCH = YES;
				COPY_PHASE_STRIP = YES;
				DEBUG_INFORMATION_FORMAT = "dwarf-with-dsym";
				GCC_C_LANGUAGE_STANDARD = gnu99;
				GCC_ENABLE_OBJC_EXCEPTIONS = YES;
				GCC_WARN_64_TO_32_BIT_CONVERSION = YES;
				GCC_WARN_ABOUT_RETURN_TYPE = YES;
				GCC_WARN_UNINITIALIZED_AUTOS = YES;
				GCC_WARN_UNUSED_VARIABLE = YES;
				MACOSX_DEPLOYMENT_TARGET = 10.8;
				SDKROOT = macosx;
			};
			name = Release;
		};
		91A250691656A0C40006BBCF /* Debug */ = {
			isa = XCBuildConfiguration;
			buildSettings = {
				COMBINE_HIDPI_IMAGES = YES;
				GCC_PRECOMPILE_PREFIX_HEADER = YES;
				GCC_PREFIX_HEADER = "ITPathbar/ITPathbar-Prefix.pch";
				INFOPLIST_FILE = "ITPathbar/ITPathbar-Info.plist";
				PRODUCT_NAME = "$(TARGET_NAME)";
				WRAPPER_EXTENSION = app;
			};
			name = Debug;
		};
		91A2506A1656A0C40006BBCF /* Release */ = {
			isa = XCBuildConfiguration;
			buildSettings = {
				COMBINE_HIDPI_IMAGES = YES;
				GCC_PRECOMPILE_PREFIX_HEADER = YES;
				GCC_PREFIX_HEADER = "ITPathbar/ITPathbar-Prefix.pch";
				INFOPLIST_FILE = "ITPathbar/ITPathbar-Info.plist";
				PRODUCT_NAME = "$(TARGET_NAME)";
				WRAPPER_EXTENSION = app;
			};
			name = Release;
		};
/* End XCBuildConfiguration section */

/* Begin XCConfigurationList section */
		91A250441656A0C40006BBCF /* Build configuration list for PBXProject "ITPathbar" */ = {
			isa = XCConfigurationList;
			buildConfigurations = (
				91A250661656A0C40006BBCF /* Debug */,
				91A250671656A0C40006BBCF /* Release */,
			);
			defaultConfigurationIsVisible = 0;
			defaultConfigurationName = Release;
		};
		91A250681656A0C40006BBCF /* Build configuration list for PBXNativeTarget "ITPathbar" */ = {
			isa = XCConfigurationList;
			buildConfigurations = (
				91A250691656A0C40006BBCF /* Debug */,
				91A2506A1656A0C40006BBCF /* Release */,
			);
			defaultConfigurationIsVisible = 0;
			defaultConfigurationName = Release;
		};
/* End XCConfigurationList section */
	};
	rootObject = 91A250411656A0C40006BBCF /* Project object */;
}
